
Microsoft Visual Studio Solution File, Format Version 12.00
# Visual Studio Version 16
VisualStudioVersion = 16.0.31729.503
MinimumVisualStudioVersion = 10.0.40219.1
Project("{9A19103F-16F7-4668-BE54-9A1E7A4F7556}") = "PoliceApp", "WpfApp1\PoliceApp.csproj", "{8D046E4C-D8DA-4055-B2CA-ABC90E3B624E}"
EndProject
Project("{FAE04EC0-301F-11D3-BF4B-00C04F79EFBC}") = "EntityFramework", "EntityFramework\EntityFramework.csproj", "{BC3A2655-5C5D-4785-985B-56F77143E843}"
EndProject
Global
	GlobalSection(SolutionConfigurationPlatforms) = preSolution
		Debug|Any CPU = Debug|Any CPU
		Release|Any CPU = Release|Any CPU
	EndGlobalSection
	GlobalSection(ProjectConfigurationPlatforms) = postSolution
		{8D046E4C-D8DA-4055-B2CA-ABC90E3B624E}.Debug|Any CPU.ActiveCfg = Debug|Any CPU
		{8D046E4C-D8DA-4055-B2CA-ABC90E3B624E}.Debug|Any CPU.Build.0 = Debug|Any CPU
		{8D046E4C-D8DA-4055-B2CA-ABC90E3B624E}.Release|Any CPU.ActiveCfg = Release|Any CPU
		{8D046E4C-D8DA-4055-B2CA-ABC90E3B624E}.Release|Any CPU.Build.0 = Release|Any CPU
		{BC3A2655-5C5D-4785-985B-56F77143E843}.Debug|Any CPU.ActiveCfg = Debug|Any CPU
		{BC3A2655-5C5D-4785-985B-56F77143E843}.Debug|Any CPU.Build.0 = Debug|Any CPU
		{BC3A2655-5C5D-4785-985B-56F77143E843}.Release|Any CPU.ActiveCfg = Release|Any CPU
		{BC3A2655-5C5D-4785-985B-56F77143E843}.Release|Any CPU.Build.0 = Release|Any CPU
	EndGlobalSection
	GlobalSection(SolutionProperties) = preSolution
		HideSolutionNode = FALSE
	EndGlobalSection
	GlobalSection(ExtensibilityGlobals) = postSolution
		SolutionGuid = {99FBE6DC-69C5-44F9-9D48-44256711F0B5}
	EndGlobalSection
EndGlobal
